// !$*UTF8*$!
{
	archiveVersion = 1;
	classes = {
	};
	objectVersion = 48;
	objects = {

/* Begin PBXBuildFile section */
		A1392D512039E51D004B31FF /* Values.swift in Sources */ = {isa = PBXBuildFile; fileRef = A1392D502039E51D004B31FF /* Values.swift */; };
		A1473759203B0833003BA101 /* UserDefaultsHelper.swift in Sources */ = {isa = PBXBuildFile; fileRef = A1473758203B0833003BA101 /* UserDefaultsHelper.swift */; };
		A151EDF22036EEEF00E3994B /* AppDelegate.swift in Sources */ = {isa = PBXBuildFile; fileRef = A151EDF12036EEEF00E3994B /* AppDelegate.swift */; };
		A151EDF72036EEEF00E3994B /* Main.storyboard in Resources */ = {isa = PBXBuildFile; fileRef = A151EDF52036EEEF00E3994B /* Main.storyboard */; };
		A151EDF92036EEEF00E3994B /* Assets.xcassets in Resources */ = {isa = PBXBuildFile; fileRef = A151EDF82036EEEF00E3994B /* Assets.xcassets */; };
		A151EDFC2036EEEF00E3994B /* LaunchScreen.storyboard in Resources */ = {isa = PBXBuildFile; fileRef = A151EDFA2036EEEF00E3994B /* LaunchScreen.storyboard */; };
		A151EE042036EF6C00E3994B /* WeatherListViewController.swift in Sources */ = {isa = PBXBuildFile; fileRef = A151EE032036EF6C00E3994B /* WeatherListViewController.swift */; };
		A151EE072036EFA900E3994B /* WeatherListCell.swift in Sources */ = {isa = PBXBuildFile; fileRef = A151EE052036EFA900E3994B /* WeatherListCell.swift */; };
		A151EE082036EFA900E3994B /* WeatherListCell.xib in Resources */ = {isa = PBXBuildFile; fileRef = A151EE062036EFA900E3994B /* WeatherListCell.xib */; };
		A151EE0D2036FBF600E3994B /* WeatherResponse.swift in Sources */ = {isa = PBXBuildFile; fileRef = A151EE0C2036FBF600E3994B /* WeatherResponse.swift */; };
/* End PBXBuildFile section */

/* Begin PBXFileReference section */
		A1392D502039E51D004B31FF /* Values.swift */ = {isa = PBXFileReference; lastKnownFileType = sourcecode.swift; path = Values.swift; sourceTree = "<group>"; };
		A1473758203B0833003BA101 /* UserDefaultsHelper.swift */ = {isa = PBXFileReference; lastKnownFileType = sourcecode.swift; path = UserDefaultsHelper.swift; sourceTree = "<group>"; };
		A151EDEE2036EEEF00E3994B /* weather-app.app */ = {isa = PBXFileReference; explicitFileType = wrapper.application; includeInIndex = 0; path = "weather-app.app"; sourceTree = BUILT_PRODUCTS_DIR; };
		A151EDF12036EEEF00E3994B /* AppDelegate.swift */ = {isa = PBXFileReference; lastKnownFileType = sourcecode.swift; path = AppDelegate.swift; sourceTree = "<group>"; };
		A151EDF62036EEEF00E3994B /* Base */ = {isa = PBXFileReference; lastKnownFileType = file.storyboard; name = Base; path = Base.lproj/Main.storyboard; sourceTree = "<group>"; };
		A151EDF82036EEEF00E3994B /* Assets.xcassets */ = {isa = PBXFileReference; lastKnownFileType = folder.assetcatalog; path = Assets.xcassets; sourceTree = "<group>"; };
		A151EDFB2036EEEF00E3994B /* Base */ = {isa = PBXFileReference; lastKnownFileType = file.storyboard; name = Base; path = Base.lproj/LaunchScreen.storyboard; sourceTree = "<group>"; };
		A151EDFD2036EEEF00E3994B /* Info.plist */ = {isa = PBXFileReference; lastKnownFileType = text.plist.xml; path = Info.plist; sourceTree = "<group>"; };
		A151EE032036EF6C00E3994B /* WeatherListViewController.swift */ = {isa = PBXFileReference; lastKnownFileType = sourcecode.swift; path = WeatherListViewController.swift; sourceTree = "<group>"; };
		A151EE052036EFA900E3994B /* WeatherListCell.swift */ = {isa = PBXFileReference; lastKnownFileType = sourcecode.swift; path = WeatherListCell.swift; sourceTree = "<group>"; };
		A151EE062036EFA900E3994B /* WeatherListCell.xib */ = {isa = PBXFileReference; lastKnownFileType = file.xib; path = WeatherListCell.xib; sourceTree = "<group>"; };
		A151EE0C2036FBF600E3994B /* WeatherResponse.swift */ = {isa = PBXFileReference; lastKnownFileType = sourcecode.swift; path = WeatherResponse.swift; sourceTree = "<group>"; };
/* End PBXFileReference section */

/* Begin PBXFrameworksBuildPhase section */
		A151EDEB2036EEEF00E3994B /* Frameworks */ = {
			isa = PBXFrameworksBuildPhase;
			buildActionMask = 2147483647;
			files = (
			);
			runOnlyForDeploymentPostprocessing = 0;
		};
/* End PBXFrameworksBuildPhase section */

/* Begin PBXGroup section */
		A151EDE52036EEEF00E3994B = {
			isa = PBXGroup;
			children = (
				A151EDF02036EEEF00E3994B /* weather-app */,
				A151EDEF2036EEEF00E3994B /* Products */,
			);
			sourceTree = "<group>";
		};
		A151EDEF2036EEEF00E3994B /* Products */ = {
			isa = PBXGroup;
			children = (
				A151EDEE2036EEEF00E3994B /* weather-app.app */,
			);
			name = Products;
			sourceTree = "<group>";
		};
		A151EDF02036EEEF00E3994B /* weather-app */ = {
			isa = PBXGroup;
			children = (
				A151EDF12036EEEF00E3994B /* AppDelegate.swift */,
				A151EE032036EF6C00E3994B /* WeatherListViewController.swift */,
				A1473758203B0833003BA101 /* UserDefaultsHelper.swift */,
				A1392D502039E51D004B31FF /* Values.swift */,
				A151EE0C2036FBF600E3994B /* WeatherResponse.swift */,
				A151EDF52036EEEF00E3994B /* Main.storyboard */,
				A151EDF82036EEEF00E3994B /* Assets.xcassets */,
				A151EE092036EFAE00E3994B /* WeatherListCell */,
				A151EDFA2036EEEF00E3994B /* LaunchScreen.storyboard */,
				A151EDFD2036EEEF00E3994B /* Info.plist */,
			);
			path = "weather-app";
			sourceTree = "<group>";
		};
		A151EE092036EFAE00E3994B /* WeatherListCell */ = {
			isa = PBXGroup;
			children = (
				A151EE052036EFA900E3994B /* WeatherListCell.swift */,
				A151EE062036EFA900E3994B /* WeatherListCell.xib */,
			);
			path = WeatherListCell;
			sourceTree = "<group>";
		};
/* End PBXGroup section */

/* Begin PBXNativeTarget section */
		A151EDED2036EEEF00E3994B /* weather-app */ = {
			isa = PBXNativeTarget;
			buildConfigurationList = A151EE002036EEEF00E3994B /* Build configuration list for PBXNativeTarget "weather-app" */;
			buildPhases = (
				A151EDEA2036EEEF00E3994B /* Sources */,
				A151EDEB2036EEEF00E3994B /* Frameworks */,
				A151EDEC2036EEEF00E3994B /* Resources */,
			);
			buildRules = (
			);
			dependencies = (
			);
			name = "weather-app";
			productName = "weather-app";
			productReference = A151EDEE2036EEEF00E3994B /* weather-app.app */;
			productType = "com.apple.product-type.application";
		};
/* End PBXNativeTarget section */

/* Begin PBXProject section */
		A151EDE62036EEEF00E3994B /* Project object */ = {
			isa = PBXProject;
			attributes = {
				LastSwiftUpdateCheck = 0920;
				LastUpgradeCheck = 0920;
				ORGANIZATIONNAME = "Wilhelm Fors";
				TargetAttributes = {
					A151EDED2036EEEF00E3994B = {
						CreatedOnToolsVersion = 9.2;
						ProvisioningStyle = Automatic;
					};
				};
			};
			buildConfigurationList = A151EDE92036EEEF00E3994B /* Build configuration list for PBXProject "weather-app" */;
			compatibilityVersion = "Xcode 8.0";
			developmentRegion = en;
			hasScannedForEncodings = 0;
			knownRegions = (
				en,
				Base,
			);
			mainGroup = A151EDE52036EEEF00E3994B;
			productRefGroup = A151EDEF2036EEEF00E3994B /* Products */;
			projectDirPath = "";
			projectRoot = "";
			targets = (
				A151EDED2036EEEF00E3994B /* weather-app */,
			);
		};
/* End PBXProject section */

/* Begin PBXResourcesBuildPhase section */
		A151EDEC2036EEEF00E3994B /* Resources */ = {
			isa = PBXResourcesBuildPhase;
			buildActionMask = 2147483647;
			files = (
				A151EE082036EFA900E3994B /* WeatherListCell.xib in Resources */,
				A151EDFC2036EEEF00E3994B /* LaunchScreen.storyboard in Resources */,
				A151EDF92036EEEF00E3994B /* Assets.xcassets in Resources */,
				A151EDF72036EEEF00E3994B /* Main.storyboard in Resources */,
			);
			runOnlyForDeploymentPostprocessing = 0;
		};
/* End PBXResourcesBuildPhase section */

/* Begin PBXSourcesBuildPhase section */
		A151EDEA2036EEEF00E3994B /* Sources */ = {
			isa = PBXSourcesBuildPhase;
			buildActionMask = 2147483647;
			files = (
				A1473759203B0833003BA101 /* UserDefaultsHelper.swift in Sources */,
				A151EE072036EFA900E3994B /* WeatherListCell.swift in Sources */,
				A151EE042036EF6C00E3994B /* WeatherListViewController.swift in Sources */,
				A1392D512039E51D004B31FF /* Values.swift in Sources */,
				A151EDF22036EEEF00E3994B /* AppDelegate.swift in Sources */,
				A151EE0D2036FBF600E3994B /* WeatherResponse.swift in Sources */,
			);
			runOnlyForDeploymentPostprocessing = 0;
		};
/* End PBXSourcesBuildPhase section */

/* Begin PBXVariantGroup section */
		A151EDF52036EEEF00E3994B /* Main.storyboard */ = {
			isa = PBXVariantGroup;
			children = (
				A151EDF62036EEEF00E3994B /* Base */,
			);
			name = Main.storyboard;
			sourceTree = "<group>";
		};
		A151EDFA2036EEEF00E3994B /* LaunchScreen.storyboard */ = {
			isa = PBXVariantGroup;
			children = (
				A151EDFB2036EEEF00E3994B /* Base */,
			);
			name = LaunchScreen.storyboard;
			sourceTree = "<group>";
		};
/* End PBXVariantGroup section */

/* Begin XCBuildConfiguration section */
		A151EDFE2036EEEF00E3994B /* Debug */ = {
			isa = XCBuildConfiguration;
			buildSettings = {
				ALWAYS_SEARCH_USER_PATHS = NO;
				CLANG_ANALYZER_NONNULL = YES;
				CLANG_ANALYZER_NUMBER_OBJECT_CONVERSION = YES_AGGRESSIVE;
				CLANG_CXX_LANGUAGE_STANDARD = "gnu++14";
				CLANG_CXX_LIBRARY = "libc++";
				CLANG_ENABLE_MODULES = YES;
				CLANG_ENABLE_OBJC_ARC = YES;
				CLANG_WARN_BLOCK_CAPTURE_AUTORELEASING = YES;
				CLANG_WARN_BOOL_CONVERSION = YES;
				CLANG_WARN_COMMA = YES;
				CLANG_WARN_CONSTANT_CONVERSION = YES;
				CLANG_WARN_DIRECT_OBJC_ISA_USAGE = YES_ERROR;
				CLANG_WARN_DOCUMENTATION_COMMENTS = YES;
				CLANG_WARN_EMPTY_BODY = YES;
				CLANG_WARN_ENUM_CONVERSION = YES;
				CLANG_WARN_INFINITE_RECURSION = YES;
				CLANG_WARN_INT_CONVERSION = YES;
				CLANG_WARN_NON_LITERAL_NULL_CONVERSION = YES;
				CLANG_WARN_OBJC_LITERAL_CONVERSION = YES;
				CLANG_WARN_OBJC_ROOT_CLASS = YES_ERROR;
				CLANG_WARN_RANGE_LOOP_ANALYSIS = YES;
				CLANG_WARN_STRICT_PROTOTYPES = YES;
				CLANG_WARN_SUSPICIOUS_MOVE = YES;
				CLANG_WARN_UNGUARDED_AVAILABILITY = YES_AGGRESSIVE;
				CLANG_WARN_UNREACHABLE_CODE = YES;
				CLANG_WARN__DUPLICATE_METHOD_MATCH = YES;
				CODE_SIGN_IDENTITY = "iPhone Developer";
				COPY_PHASE_STRIP = NO;
				DEBUG_INFORMATION_FORMAT = dwarf;
				ENABLE_STRICT_OBJC_MSGSEND = YES;
				ENABLE_TESTABILITY = YES;
				GCC_C_LANGUAGE_STANDARD = gnu11;
				GCC_DYNAMIC_NO_PIC = NO;
				GCC_NO_COMMON_BLOCKS = YES;
				GCC_OPTIMIZATION_LEVEL = 0;
				GCC_PREPROCESSOR_DEFINITIONS = (
					"DEBUG=1",
					"$(inherited)",
				);
				GCC_WARN_64_TO_32_BIT_CONVERSION = YES;
				GCC_WARN_ABOUT_RETURN_TYPE = YES_ERROR;
				GCC_WARN_UNDECLARED_SELECTOR = YES;
				GCC_WARN_UNINITIALIZED_AUTOS = YES_AGGRESSIVE;
				GCC_WARN_UNUSED_FUNCTION = YES;
				GCC_WARN_UNUSED_VARIABLE = YES;
				IPHONEOS_DEPLOYMENT_TARGET = 11.2;
				MTL_ENABLE_DEBUG_INFO = YES;
				ONLY_ACTIVE_ARCH = YES;
				SDKROOT = iphoneos;
				SWIFT_ACTIVE_COMPILATION_CONDITIONS = DEBUG;
				SWIFT_OPTIMIZATION_LEVEL = "-Onone";
			};
			name = Debug;
		};
		A151EDFF2036EEEF00E3994B /* Release */ = {
			isa = XCBuildConfiguration;
			buildSettings = {
				ALWAYS_SEARCH_USER_PATHS = NO;
				CLANG_ANALYZER_NONNULL = YES;
				CLANG_ANALYZER_NUMBER_OBJECT_CONVERSION = YES_AGGRESSIVE;
				CLANG_CXX_LANGUAGE_STANDARD = "gnu++14";
				CLANG_CXX_LIBRARY = "libc++";
				CLANG_ENABLE_MODULES = YES;
				CLANG_ENABLE_OBJC_ARC = YES;
				CLANG_WARN_BLOCK_CAPTURE_AUTORELEASING = YES;
				CLANG_WARN_BOOL_CONVERSION = YES;
				CLANG_WARN_COMMA = YES;
				CLANG_WARN_CONSTANT_CONVERSION = YES;
				CLANG_WARN_DIRECT_OBJC_ISA_USAGE = YES_ERROR;
				CLANG_WARN_DOCUMENTATION_COMMENTS = YES;
				CLANG_WARN_EMPTY_BODY = YES;
				CLANG_WARN_ENUM_CONVERSION = YES;
				CLANG_WARN_INFINITE_RECURSION = YES;
				CLANG_WARN_INT_CONVERSION = YES;
				CLANG_WARN_NON_LITERAL_NULL_CONVERSION = YES;
				CLANG_WARN_OBJC_LITERAL_CONVERSION = YES;
				CLANG_WARN_OBJC_ROOT_CLASS = YES_ERROR;
				CLANG_WARN_RANGE_LOOP_ANALYSIS = YES;
				CLANG_WARN_STRICT_PROTOTYPES = YES;
				CLANG_WARN_SUSPICIOUS_MOVE = YES;
				CLANG_WARN_UNGUARDED_AVAILABILITY = YES_AGGRESSIVE;
				CLANG_WARN_UNREACHABLE_CODE = YES;
				CLANG_WARN__DUPLICATE_METHOD_MATCH = YES;
				CODE_SIGN_IDENTITY = "iPhone Developer";
				COPY_PHASE_STRIP = NO;
				DEBUG_INFORMATION_FORMAT = "dwarf-with-dsym";
				ENABLE_NS_ASSERTIONS = NO;
				ENABLE_STRICT_OBJC_MSGSEND = YES;
				GCC_C_LANGUAGE_STANDARD = gnu11;
				GCC_NO_COMMON_BLOCKS = YES;
				GCC_WARN_64_TO_32_BIT_CONVERSION = YES;
				GCC_WARN_ABOUT_RETURN_TYPE = YES_ERROR;
				GCC_WARN_UNDECLARED_SELECTOR = YES;
				GCC_WARN_UNINITIALIZED_AUTOS = YES_AGGRESSIVE;
				GCC_WARN_UNUSED_FUNCTION = YES;
				GCC_WARN_UNUSED_VARIABLE = YES;
				IPHONEOS_DEPLOYMENT_TARGET = 11.2;
				MTL_ENABLE_DEBUG_INFO = NO;
				SDKROOT = iphoneos;
				SWIFT_OPTIMIZATION_LEVEL = "-Owholemodule";
				VALIDATE_PRODUCT = YES;
			};
			name = Release;
		};
		A151EE012036EEEF00E3994B /* Debug */ = {
			isa = XCBuildConfiguration;
			buildSettings = {
				ASSETCATALOG_COMPILER_APPICON_NAME = AppIcon;
				CODE_SIGN_STYLE = Automatic;
				INFOPLIST_FILE = "weather-app/Info.plist";
				LD_RUNPATH_SEARCH_PATHS = "$(inherited) @executable_path/Frameworks";
				PRODUCT_BUNDLE_IDENTIFIER = "WF.weather-app";
				PRODUCT_NAME = "$(TARGET_NAME)";
				SWIFT_VERSION = 4.0;
				TARGETED_DEVICE_FAMILY = "1,2";
			};
			name = Debug;
		};
		A151EE022036EEEF00E3994B /* Release */ = {
			isa = XCBuildConfiguration;
			buildSettings = {
				ASSETCATALOG_COMPILER_APPICON_NAME = AppIcon;
				CODE_SIGN_STYLE = Automatic;
				INFOPLIST_FILE = "weather-app/Info.plist";
				LD_RUNPATH_SEARCH_PATHS = "$(inherited) @executable_path/Frameworks";
				PRODUCT_BUNDLE_IDENTIFIER = "WF.weather-app";
				PRODUCT_NAME = "$(TARGET_NAME)";
				SWIFT_VERSION = 4.0;
				TARGETED_DEVICE_FAMILY = "1,2";
			};
			name = Release;
		};
/* End XCBuildConfiguration section */

/* Begin XCConfigurationList section */
		A151EDE92036EEEF00E3994B /* Build configuration list for PBXProject "weather-app" */ = {
			isa = XCConfigurationList;
			buildConfigurations = (
				A151EDFE2036EEEF00E3994B /* Debug */,
				A151EDFF2036EEEF00E3994B /* Release */,
			);
			defaultConfigurationIsVisible = 0;
			defaultConfigurationName = Release;
		};
		A151EE002036EEEF00E3994B /* Build configuration list for PBXNativeTarget "weather-app" */ = {
			isa = XCConfigurationList;
			buildConfigurations = (
				A151EE012036EEEF00E3994B /* Debug */,
				A151EE022036EEEF00E3994B /* Release */,
			);
			defaultConfigurationIsVisible = 0;
			defaultConfigurationName = Release;
		};
/* End XCConfigurationList section */
	};
	rootObject = A151EDE62036EEEF00E3994B /* Project object */;
}
